
Microsoft Visual Studio Solution File, Format Version 12.00
# Visual Studio Version 17
VisualStudioVersion = 17.14.36414.22 d17.14
MinimumVisualStudioVersion = 10.0.40219.1
Project("{FAE04EC0-301F-11D3-BF4B-00C04F79EFBC}") = "OrdersApi.Tests", "OrdersApi.Tests.csproj", "{254657DB-35A3-9635-8A84-70C0C0BF02F0}"
EndProject
Global
	GlobalSection(SolutionConfigurationPlatforms) = preSolution
		Debug|Any CPU = Debug|Any CPU
		Release|Any CPU = Release|Any CPU
	EndGlobalSection
	GlobalSection(ProjectConfigurationPlatforms) = postSolution
		{254657DB-35A3-9635-8A84-70C0C0BF02F0}.Debug|Any CPU.ActiveCfg = Debug|Any CPU
		{254657DB-35A3-9635-8A84-70C0C0BF02F0}.Debug|Any CPU.Build.0 = Debug|Any CPU
		{254657DB-35A3-9635-8A84-70C0C0BF02F0}.Release|Any CPU.ActiveCfg = Release|Any CPU
		{254657DB-35A3-9635-8A84-70C0C0BF02F0}.Release|Any CPU.Build.0 = Release|Any CPU
	EndGlobalSection
	GlobalSection(SolutionProperties) = preSolution
		HideSolutionNode = FALSE
	EndGlobalSection
	GlobalSection(ExtensibilityGlobals) = postSolution
		SolutionGuid = {974043D9-570C-41BB-B00A-B1B7DF0E4FD2}
	EndGlobalSection
EndGlobal
